
Microsoft Visual Studio Solution File, Format Version 12.00
Project("{FAE04EC0-301F-11D3-BF4B-00C04F79EFBC}") = "NetDaemonApps", "NetDaemonApps\NetDaemonApps.csproj", "{C1D98554-D8C5-4CEE-A090-2340A4F05AB3}"
EndProject
Project("{FAE04EC0-301F-11D3-BF4B-00C04F79EFBC}") = "MqttEntityCreator", "MqttEntityCreator\MqttEntityCreator.csproj", "{688A2ED5-A73F-472C-B73A-523E3CBD2E25}"
EndProject
Project("{2150E333-8FDC-42A3-9474-1A3956D46DE8}") = "Tools", "Tools", "{144F17E7-62A4-4868-953E-FD6CEDFB56A6}"
EndProject
Project("{2150E333-8FDC-42A3-9474-1A3956D46DE8}") = "src", "src", "{507A3A82-AF39-449F-ADC1-33765B72AD97}"
EndProject
Project("{2150E333-8FDC-42A3-9474-1A3956D46DE8}") = "solution", "solution", "{FD86BB02-6512-4D51-8710-485BA4322D81}"
	ProjectSection(SolutionItems) = preProject
		README.md = README.md
	EndProjectSection
EndProject
Project("{2150E333-8FDC-42A3-9474-1A3956D46DE8}") = "Tests", "Tests", "{F9572DB1-C600-4D57-90D2-385B3D6EC414}"
EndProject
Project("{FAE04EC0-301F-11D3-BF4B-00C04F79EFBC}") = "JasHomeAutomation.IntegrationTests", "JasHomeAutomation.IntegrationTests\JasHomeAutomation.IntegrationTests.csproj", "{2087BDBE-F9EB-4F86-9931-0F8C5B5AB6DB}"
EndProject
Project("{FAE04EC0-301F-11D3-BF4B-00C04F79EFBC}") = "JasHomeAutomation.UnitTests", "JasHomeAutomation.UnitTests\JasHomeAutomation.UnitTests.csproj", "{66815CBD-E418-4777-B6BF-9144BD1C7068}"
EndProject
Global
	GlobalSection(SolutionConfigurationPlatforms) = preSolution
		Debug|Any CPU = Debug|Any CPU
		Release|Any CPU = Release|Any CPU
	EndGlobalSection
	GlobalSection(ProjectConfigurationPlatforms) = postSolution
		{C1D98554-D8C5-4CEE-A090-2340A4F05AB3}.Debug|Any CPU.ActiveCfg = Debug|Any CPU
		{C1D98554-D8C5-4CEE-A090-2340A4F05AB3}.Debug|Any CPU.Build.0 = Debug|Any CPU
		{C1D98554-D8C5-4CEE-A090-2340A4F05AB3}.Release|Any CPU.ActiveCfg = Release|Any CPU
		{C1D98554-D8C5-4CEE-A090-2340A4F05AB3}.Release|Any CPU.Build.0 = Release|Any CPU
		{688A2ED5-A73F-472C-B73A-523E3CBD2E25}.Debug|Any CPU.ActiveCfg = Debug|Any CPU
		{688A2ED5-A73F-472C-B73A-523E3CBD2E25}.Debug|Any CPU.Build.0 = Debug|Any CPU
		{688A2ED5-A73F-472C-B73A-523E3CBD2E25}.Release|Any CPU.ActiveCfg = Release|Any CPU
		{688A2ED5-A73F-472C-B73A-523E3CBD2E25}.Release|Any CPU.Build.0 = Release|Any CPU
		{2087BDBE-F9EB-4F86-9931-0F8C5B5AB6DB}.Debug|Any CPU.ActiveCfg = Debug|Any CPU
		{2087BDBE-F9EB-4F86-9931-0F8C5B5AB6DB}.Debug|Any CPU.Build.0 = Debug|Any CPU
		{2087BDBE-F9EB-4F86-9931-0F8C5B5AB6DB}.Release|Any CPU.ActiveCfg = Release|Any CPU
		{2087BDBE-F9EB-4F86-9931-0F8C5B5AB6DB}.Release|Any CPU.Build.0 = Release|Any CPU
		{66815CBD-E418-4777-B6BF-9144BD1C7068}.Debug|Any CPU.ActiveCfg = Debug|Any CPU
		{66815CBD-E418-4777-B6BF-9144BD1C7068}.Debug|Any CPU.Build.0 = Debug|Any CPU
		{66815CBD-E418-4777-B6BF-9144BD1C7068}.Release|Any CPU.ActiveCfg = Release|Any CPU
		{66815CBD-E418-4777-B6BF-9144BD1C7068}.Release|Any CPU.Build.0 = Release|Any CPU
	EndGlobalSection
	GlobalSection(NestedProjects) = preSolution
		{688A2ED5-A73F-472C-B73A-523E3CBD2E25} = {144F17E7-62A4-4868-953E-FD6CEDFB56A6}
		{C1D98554-D8C5-4CEE-A090-2340A4F05AB3} = {507A3A82-AF39-449F-ADC1-33765B72AD97}
		{2087BDBE-F9EB-4F86-9931-0F8C5B5AB6DB} = {F9572DB1-C600-4D57-90D2-385B3D6EC414}
		{66815CBD-E418-4777-B6BF-9144BD1C7068} = {F9572DB1-C600-4D57-90D2-385B3D6EC414}
	EndGlobalSection
EndGlobal
